
Microsoft Visual Studio Solution File, Format Version 12.00
# Visual Studio 14
VisualStudioVersion = 14.0.25420.1
MinimumVisualStudioVersion = 10.0.40219.1
Project("{FAE04EC0-301F-11D3-BF4B-00C04F79EFBC}") = "GitTfs.GitExtensions.Plugin", "GitTfs.GitExtensions.Plugin.csproj", "{C964F29F-F5C9-4774-9977-FAA5791A7BAE}"
EndProject
Project("{FAE04EC0-301F-11D3-BF4B-00C04F79EFBC}") = "GitUIPluginInterfaces", "gitextensions\Plugins\GitUIPluginInterfaces\GitUIPluginInterfaces.csproj", "{27559302-F35E-4B62-A6EC-11FF21A5FA6F}"
EndProject
Project("{FAE04EC0-301F-11D3-BF4B-00C04F79EFBC}") = "GitExtUtils", "gitextensions\GitExtUtils\GitExtUtils.csproj", "{0F1F1168-A4B2-4FA2-B17B-735140D17F39}"
EndProject
Project("{FAE04EC0-301F-11D3-BF4B-00C04F79EFBC}") = "ResourceManager", "gitextensions\ResourceManager\ResourceManager.csproj", "{D3440FD7-AFC5-4351-8741-6CDBF15CE944}"
EndProject
Project("{FAE04EC0-301F-11D3-BF4B-00C04F79EFBC}") = "GitCommands", "gitextensions\GitCommands\GitCommands.csproj", "{BD6AA2A2-997D-4AFF-ACC7-B64F6E51D181}"
EndProject
Global
	GlobalSection(SolutionConfigurationPlatforms) = preSolution
		Debug|Any CPU = Debug|Any CPU
		Debug|Mixed Platforms = Debug|Mixed Platforms
		Debug|x86 = Debug|x86
		Release|Any CPU = Release|Any CPU
		Release|Mixed Platforms = Release|Mixed Platforms
		Release|x86 = Release|x86
	EndGlobalSection
	GlobalSection(ProjectConfigurationPlatforms) = postSolution
		{C964F29F-F5C9-4774-9977-FAA5791A7BAE}.Debug|Any CPU.ActiveCfg = Debug|Any CPU
		{C964F29F-F5C9-4774-9977-FAA5791A7BAE}.Debug|Any CPU.Build.0 = Debug|Any CPU
		{C964F29F-F5C9-4774-9977-FAA5791A7BAE}.Debug|Mixed Platforms.ActiveCfg = Debug|Any CPU
		{C964F29F-F5C9-4774-9977-FAA5791A7BAE}.Debug|Mixed Platforms.Build.0 = Debug|Any CPU
		{C964F29F-F5C9-4774-9977-FAA5791A7BAE}.Debug|x86.ActiveCfg = Debug|Any CPU
		{C964F29F-F5C9-4774-9977-FAA5791A7BAE}.Release|Any CPU.ActiveCfg = Release|Any CPU
		{C964F29F-F5C9-4774-9977-FAA5791A7BAE}.Release|Any CPU.Build.0 = Release|Any CPU
		{C964F29F-F5C9-4774-9977-FAA5791A7BAE}.Release|Mixed Platforms.ActiveCfg = Release|Any CPU
		{C964F29F-F5C9-4774-9977-FAA5791A7BAE}.Release|Mixed Platforms.Build.0 = Release|Any CPU
		{C964F29F-F5C9-4774-9977-FAA5791A7BAE}.Release|x86.ActiveCfg = Release|Any CPU
		{27559302-F35E-4B62-A6EC-11FF21A5FA6F}.Debug|Any CPU.ActiveCfg = Debug|Any CPU
		{27559302-F35E-4B62-A6EC-11FF21A5FA6F}.Debug|Any CPU.Build.0 = Debug|Any CPU
		{27559302-F35E-4B62-A6EC-11FF21A5FA6F}.Debug|Mixed Platforms.ActiveCfg = Debug|Any CPU
		{27559302-F35E-4B62-A6EC-11FF21A5FA6F}.Debug|Mixed Platforms.Build.0 = Debug|Any CPU
		{27559302-F35E-4B62-A6EC-11FF21A5FA6F}.Debug|x86.ActiveCfg = Debug|Any CPU
		{27559302-F35E-4B62-A6EC-11FF21A5FA6F}.Release|Any CPU.ActiveCfg = Release|Any CPU
		{27559302-F35E-4B62-A6EC-11FF21A5FA6F}.Release|Any CPU.Build.0 = Release|Any CPU
		{27559302-F35E-4B62-A6EC-11FF21A5FA6F}.Release|Mixed Platforms.ActiveCfg = Release|Any CPU
		{27559302-F35E-4B62-A6EC-11FF21A5FA6F}.Release|Mixed Platforms.Build.0 = Release|Any CPU
		{27559302-F35E-4B62-A6EC-11FF21A5FA6F}.Release|x86.ActiveCfg = Release|Any CPU
		{0F1F1168-A4B2-4FA2-B17B-735140D17F39}.Debug|Any CPU.ActiveCfg = Debug|Any CPU
		{0F1F1168-A4B2-4FA2-B17B-735140D17F39}.Debug|Any CPU.Build.0 = Debug|Any CPU
		{0F1F1168-A4B2-4FA2-B17B-735140D17F39}.Debug|Mixed Platforms.ActiveCfg = Debug|Any CPU
		{0F1F1168-A4B2-4FA2-B17B-735140D17F39}.Debug|Mixed Platforms.Build.0 = Debug|Any CPU
		{0F1F1168-A4B2-4FA2-B17B-735140D17F39}.Debug|x86.ActiveCfg = Debug|Any CPU
		{0F1F1168-A4B2-4FA2-B17B-735140D17F39}.Debug|x86.Build.0 = Debug|Any CPU
		{0F1F1168-A4B2-4FA2-B17B-735140D17F39}.Release|Any CPU.ActiveCfg = Release|Any CPU
		{0F1F1168-A4B2-4FA2-B17B-735140D17F39}.Release|Any CPU.Build.0 = Release|Any CPU
		{0F1F1168-A4B2-4FA2-B17B-735140D17F39}.Release|Mixed Platforms.ActiveCfg = Release|Any CPU
		{0F1F1168-A4B2-4FA2-B17B-735140D17F39}.Release|Mixed Platforms.Build.0 = Release|Any CPU
		{0F1F1168-A4B2-4FA2-B17B-735140D17F39}.Release|x86.ActiveCfg = Release|Any CPU
		{0F1F1168-A4B2-4FA2-B17B-735140D17F39}.Release|x86.Build.0 = Release|Any CPU
		{D3440FD7-AFC5-4351-8741-6CDBF15CE944}.Debug|Any CPU.ActiveCfg = Debug|Any CPU
		{D3440FD7-AFC5-4351-8741-6CDBF15CE944}.Debug|Any CPU.Build.0 = Debug|Any CPU
		{D3440FD7-AFC5-4351-8741-6CDBF15CE944}.Debug|Mixed Platforms.ActiveCfg = Debug|Any CPU
		{D3440FD7-AFC5-4351-8741-6CDBF15CE944}.Debug|Mixed Platforms.Build.0 = Debug|Any CPU
		{D3440FD7-AFC5-4351-8741-6CDBF15CE944}.Debug|x86.ActiveCfg = Debug|Any CPU
		{D3440FD7-AFC5-4351-8741-6CDBF15CE944}.Debug|x86.Build.0 = Debug|Any CPU
		{D3440FD7-AFC5-4351-8741-6CDBF15CE944}.Release|Any CPU.ActiveCfg = Release|Any CPU
		{D3440FD7-AFC5-4351-8741-6CDBF15CE944}.Release|Any CPU.Build.0 = Release|Any CPU
		{D3440FD7-AFC5-4351-8741-6CDBF15CE944}.Release|Mixed Platforms.ActiveCfg = Release|Any CPU
		{D3440FD7-AFC5-4351-8741-6CDBF15CE944}.Release|Mixed Platforms.Build.0 = Release|Any CPU
		{D3440FD7-AFC5-4351-8741-6CDBF15CE944}.Release|x86.ActiveCfg = Release|Any CPU
		{D3440FD7-AFC5-4351-8741-6CDBF15CE944}.Release|x86.Build.0 = Release|Any CPU
		{BD6AA2A2-997D-4AFF-ACC7-B64F6E51D181}.Debug|Any CPU.ActiveCfg = Debug|Any CPU
		{BD6AA2A2-997D-4AFF-ACC7-B64F6E51D181}.Debug|Any CPU.Build.0 = Debug|Any CPU
		{BD6AA2A2-997D-4AFF-ACC7-B64F6E51D181}.Debug|Mixed Platforms.ActiveCfg = Debug|Any CPU
		{BD6AA2A2-997D-4AFF-ACC7-B64F6E51D181}.Debug|Mixed Platforms.Build.0 = Debug|Any CPU
		{BD6AA2A2-997D-4AFF-ACC7-B64F6E51D181}.Debug|x86.ActiveCfg = Debug|Any CPU
		{BD6AA2A2-997D-4AFF-ACC7-B64F6E51D181}.Debug|x86.Build.0 = Debug|Any CPU
		{BD6AA2A2-997D-4AFF-ACC7-B64F6E51D181}.Release|Any CPU.ActiveCfg = Release|Any CPU
		{BD6AA2A2-997D-4AFF-ACC7-B64F6E51D181}.Release|Any CPU.Build.0 = Release|Any CPU
		{BD6AA2A2-997D-4AFF-ACC7-B64F6E51D181}.Release|Mixed Platforms.ActiveCfg = Release|Any CPU
		{BD6AA2A2-997D-4AFF-ACC7-B64F6E51D181}.Release|Mixed Platforms.Build.0 = Release|Any CPU
		{BD6AA2A2-997D-4AFF-ACC7-B64F6E51D181}.Release|x86.ActiveCfg = Release|Any CPU
		{BD6AA2A2-997D-4AFF-ACC7-B64F6E51D181}.Release|x86.Build.0 = Release|Any CPU
	EndGlobalSection
	GlobalSection(SolutionProperties) = preSolution
		HideSolutionNode = FALSE
	EndGlobalSection
EndGlobal
